
Microsoft Visual Studio Solution File, Format Version 12.00
# Visual Studio Version 16
VisualStudioVersion = 16.0.34931.43
MinimumVisualStudioVersion = 10.0.40219.1
Project("{FAE04EC0-301F-11D3-BF4B-00C04F79EFBC}") = "MVC_EF_DB", "MVC_EF_DB\MVC_EF_DB.csproj", "{90E05D51-D0F2-46F8-8B39-92A6A23B29BE}"
EndProject
Global
	GlobalSection(SolutionConfigurationPlatforms) = preSolution
		Debug|Any CPU = Debug|Any CPU
		Release|Any CPU = Release|Any CPU
	EndGlobalSection
	GlobalSection(ProjectConfigurationPlatforms) = postSolution
		{90E05D51-D0F2-46F8-8B39-92A6A23B29BE}.Debug|Any CPU.ActiveCfg = Debug|Any CPU
		{90E05D51-D0F2-46F8-8B39-92A6A23B29BE}.Debug|Any CPU.Build.0 = Debug|Any CPU
		{90E05D51-D0F2-46F8-8B39-92A6A23B29BE}.Release|Any CPU.ActiveCfg = Release|Any CPU
		{90E05D51-D0F2-46F8-8B39-92A6A23B29BE}.Release|Any CPU.Build.0 = Release|Any CPU
	EndGlobalSection
	GlobalSection(SolutionProperties) = preSolution
		HideSolutionNode = FALSE
	EndGlobalSection
	GlobalSection(ExtensibilityGlobals) = postSolution
		SolutionGuid = {0A507EBD-164C-4FA2-9226-4714ABC21AC0}
	EndGlobalSection
EndGlobal
