
Microsoft Visual Studio Solution File, Format Version 12.00
# Visual Studio Version 16
VisualStudioVersion = 16.0.34931.43
MinimumVisualStudioVersion = 10.0.40219.1
Project("{FAE04EC0-301F-11D3-BF4B-00C04F79EFBC}") = "DropDown_Assignment", "DropDown_Assignment\DropDown_Assignment.csproj", "{39499423-F8CC-40E9-A3D5-84EDB1CA2F5C}"
EndProject
Global
	GlobalSection(SolutionConfigurationPlatforms) = preSolution
		Debug|Any CPU = Debug|Any CPU
		Release|Any CPU = Release|Any CPU
	EndGlobalSection
	GlobalSection(ProjectConfigurationPlatforms) = postSolution
		{39499423-F8CC-40E9-A3D5-84EDB1CA2F5C}.Debug|Any CPU.ActiveCfg = Debug|Any CPU
		{39499423-F8CC-40E9-A3D5-84EDB1CA2F5C}.Debug|Any CPU.Build.0 = Debug|Any CPU
		{39499423-F8CC-40E9-A3D5-84EDB1CA2F5C}.Release|Any CPU.ActiveCfg = Release|Any CPU
		{39499423-F8CC-40E9-A3D5-84EDB1CA2F5C}.Release|Any CPU.Build.0 = Release|Any CPU
	EndGlobalSection
	GlobalSection(SolutionProperties) = preSolution
		HideSolutionNode = FALSE
	EndGlobalSection
	GlobalSection(ExtensibilityGlobals) = postSolution
		SolutionGuid = {7BE5A6C7-D687-41F1-9A05-FD7A7C60E236}
	EndGlobalSection
EndGlobal
