
Microsoft Visual Studio Solution File, Format Version 12.00
# Visual Studio Version 16
VisualStudioVersion = 16.0.34931.43
MinimumVisualStudioVersion = 10.0.40219.1
Project("{FAE04EC0-301F-11D3-BF4B-00C04F79EFBC}") = "Try_Catch_Exception_Program", "Try_Catch_Exception_Program\Try_Catch_Exception_Program.csproj", "{73B94F19-AF8E-48F9-BCAE-C9012FA78CF0}"
EndProject
Global
	GlobalSection(SolutionConfigurationPlatforms) = preSolution
		Debug|Any CPU = Debug|Any CPU
		Release|Any CPU = Release|Any CPU
	EndGlobalSection
	GlobalSection(ProjectConfigurationPlatforms) = postSolution
		{73B94F19-AF8E-48F9-BCAE-C9012FA78CF0}.Debug|Any CPU.ActiveCfg = Debug|Any CPU
		{73B94F19-AF8E-48F9-BCAE-C9012FA78CF0}.Debug|Any CPU.Build.0 = Debug|Any CPU
		{73B94F19-AF8E-48F9-BCAE-C9012FA78CF0}.Release|Any CPU.ActiveCfg = Release|Any CPU
		{73B94F19-AF8E-48F9-BCAE-C9012FA78CF0}.Release|Any CPU.Build.0 = Release|Any CPU
	EndGlobalSection
	GlobalSection(SolutionProperties) = preSolution
		HideSolutionNode = FALSE
	EndGlobalSection
	GlobalSection(ExtensibilityGlobals) = postSolution
		SolutionGuid = {3505E47D-F655-4532-9712-85ED44DD719C}
	EndGlobalSection
EndGlobal
