
Microsoft Visual Studio Solution File, Format Version 12.00
# Visual Studio Version 16
VisualStudioVersion = 16.0.34931.43
MinimumVisualStudioVersion = 10.0.40219.1
Project("{FAE04EC0-301F-11D3-BF4B-00C04F79EFBC}") = "ModelFirst", "ModelFirst\ModelFirst.csproj", "{CE237252-167A-4DFF-85C5-25B05DBB5EB2}"
EndProject
Global
	GlobalSection(SolutionConfigurationPlatforms) = preSolution
		Debug|Any CPU = Debug|Any CPU
		Release|Any CPU = Release|Any CPU
	EndGlobalSection
	GlobalSection(ProjectConfigurationPlatforms) = postSolution
		{CE237252-167A-4DFF-85C5-25B05DBB5EB2}.Debug|Any CPU.ActiveCfg = Debug|Any CPU
		{CE237252-167A-4DFF-85C5-25B05DBB5EB2}.Debug|Any CPU.Build.0 = Debug|Any CPU
		{CE237252-167A-4DFF-85C5-25B05DBB5EB2}.Release|Any CPU.ActiveCfg = Release|Any CPU
		{CE237252-167A-4DFF-85C5-25B05DBB5EB2}.Release|Any CPU.Build.0 = Release|Any CPU
	EndGlobalSection
	GlobalSection(SolutionProperties) = preSolution
		HideSolutionNode = FALSE
	EndGlobalSection
	GlobalSection(ExtensibilityGlobals) = postSolution
		SolutionGuid = {77C797F8-39EE-41B0-8620-97CDCA7F02B3}
	EndGlobalSection
EndGlobal
