
Microsoft Visual Studio Solution File, Format Version 12.00
# Visual Studio Version 16
VisualStudioVersion = 16.0.34931.43
MinimumVisualStudioVersion = 10.0.40219.1
Project("{FAE04EC0-301F-11D3-BF4B-00C04F79EFBC}") = "Code_Challenge_4", "Code_Challenge_4\Code_Challenge_4.csproj", "{B14EF78F-7008-449F-850A-35063267FE6F}"
EndProject
Global
	GlobalSection(SolutionConfigurationPlatforms) = preSolution
		Debug|Any CPU = Debug|Any CPU
		Release|Any CPU = Release|Any CPU
	EndGlobalSection
	GlobalSection(ProjectConfigurationPlatforms) = postSolution
		{B14EF78F-7008-449F-850A-35063267FE6F}.Debug|Any CPU.ActiveCfg = Debug|Any CPU
		{B14EF78F-7008-449F-850A-35063267FE6F}.Debug|Any CPU.Build.0 = Debug|Any CPU
		{B14EF78F-7008-449F-850A-35063267FE6F}.Release|Any CPU.ActiveCfg = Release|Any CPU
		{B14EF78F-7008-449F-850A-35063267FE6F}.Release|Any CPU.Build.0 = Release|Any CPU
	EndGlobalSection
	GlobalSection(SolutionProperties) = preSolution
		HideSolutionNode = FALSE
	EndGlobalSection
	GlobalSection(ExtensibilityGlobals) = postSolution
		SolutionGuid = {E35BED3D-4D22-410D-B50F-E4998867D08E}
	EndGlobalSection
EndGlobal
