
Microsoft Visual Studio Solution File, Format Version 12.00
# Visual Studio Version 16
VisualStudioVersion = 16.0.34931.43
MinimumVisualStudioVersion = 10.0.40219.1
Project("{FAE04EC0-301F-11D3-BF4B-00C04F79EFBC}") = "Assignment_5", "Assignment_5\Assignment_5.csproj", "{413679E1-68D0-4CEC-B404-2F22892936F1}"
EndProject
Global
	GlobalSection(SolutionConfigurationPlatforms) = preSolution
		Debug|Any CPU = Debug|Any CPU
		Release|Any CPU = Release|Any CPU
	EndGlobalSection
	GlobalSection(ProjectConfigurationPlatforms) = postSolution
		{413679E1-68D0-4CEC-B404-2F22892936F1}.Debug|Any CPU.ActiveCfg = Debug|Any CPU
		{413679E1-68D0-4CEC-B404-2F22892936F1}.Debug|Any CPU.Build.0 = Debug|Any CPU
		{413679E1-68D0-4CEC-B404-2F22892936F1}.Release|Any CPU.ActiveCfg = Release|Any CPU
		{413679E1-68D0-4CEC-B404-2F22892936F1}.Release|Any CPU.Build.0 = Release|Any CPU
	EndGlobalSection
	GlobalSection(SolutionProperties) = preSolution
		HideSolutionNode = FALSE
	EndGlobalSection
	GlobalSection(ExtensibilityGlobals) = postSolution
		SolutionGuid = {ACFCB8F4-21FC-41BD-A9DD-CB92429DFC85}
	EndGlobalSection
EndGlobal
