
Microsoft Visual Studio Solution File, Format Version 12.00
# Visual Studio Version 16
VisualStudioVersion = 16.0.34931.43
MinimumVisualStudioVersion = 10.0.40219.1
Project("{FAE04EC0-301F-11D3-BF4B-00C04F79EFBC}") = "Assignment_2", "Assignment_2\Assignment_2.csproj", "{B9BA2609-ACA4-4EAB-8B50-A8BCE3CA46BA}"
EndProject
Global
	GlobalSection(SolutionConfigurationPlatforms) = preSolution
		Debug|Any CPU = Debug|Any CPU
		Release|Any CPU = Release|Any CPU
	EndGlobalSection
	GlobalSection(ProjectConfigurationPlatforms) = postSolution
		{B9BA2609-ACA4-4EAB-8B50-A8BCE3CA46BA}.Debug|Any CPU.ActiveCfg = Debug|Any CPU
		{B9BA2609-ACA4-4EAB-8B50-A8BCE3CA46BA}.Debug|Any CPU.Build.0 = Debug|Any CPU
		{B9BA2609-ACA4-4EAB-8B50-A8BCE3CA46BA}.Release|Any CPU.ActiveCfg = Release|Any CPU
		{B9BA2609-ACA4-4EAB-8B50-A8BCE3CA46BA}.Release|Any CPU.Build.0 = Release|Any CPU
	EndGlobalSection
	GlobalSection(SolutionProperties) = preSolution
		HideSolutionNode = FALSE
	EndGlobalSection
	GlobalSection(ExtensibilityGlobals) = postSolution
		SolutionGuid = {E31AE955-CA0B-4F7E-A29D-3E2021A39241}
	EndGlobalSection
EndGlobal
