
Microsoft Visual Studio Solution File, Format Version 12.00
# Visual Studio Version 16
VisualStudioVersion = 16.0.34931.43
MinimumVisualStudioVersion = 10.0.40219.1
Project("{FAE04EC0-301F-11D3-BF4B-00C04F79EFBC}") = "CC8", "CC8\CC8.csproj", "{DC1E5183-21DC-4F8F-A70A-F10525FF5AEA}"
EndProject
Global
	GlobalSection(SolutionConfigurationPlatforms) = preSolution
		Debug|Any CPU = Debug|Any CPU
		Release|Any CPU = Release|Any CPU
	EndGlobalSection
	GlobalSection(ProjectConfigurationPlatforms) = postSolution
		{DC1E5183-21DC-4F8F-A70A-F10525FF5AEA}.Debug|Any CPU.ActiveCfg = Debug|Any CPU
		{DC1E5183-21DC-4F8F-A70A-F10525FF5AEA}.Debug|Any CPU.Build.0 = Debug|Any CPU
		{DC1E5183-21DC-4F8F-A70A-F10525FF5AEA}.Release|Any CPU.ActiveCfg = Release|Any CPU
		{DC1E5183-21DC-4F8F-A70A-F10525FF5AEA}.Release|Any CPU.Build.0 = Release|Any CPU
	EndGlobalSection
	GlobalSection(SolutionProperties) = preSolution
		HideSolutionNode = FALSE
	EndGlobalSection
	GlobalSection(ExtensibilityGlobals) = postSolution
		SolutionGuid = {4B33B37D-8071-466E-9F29-5E007D79F1CE}
	EndGlobalSection
EndGlobal
