
Microsoft Visual Studio Solution File, Format Version 12.00
# Visual Studio Version 16
VisualStudioVersion = 16.0.34931.43
MinimumVisualStudioVersion = 10.0.40219.1
Project("{FAE04EC0-301F-11D3-BF4B-00C04F79EFBC}") = "CC1", "CC1\CC1.csproj", "{98759A11-6CCC-4523-94FD-891C7A5A3BBC}"
EndProject
Global
	GlobalSection(SolutionConfigurationPlatforms) = preSolution
		Debug|Any CPU = Debug|Any CPU
		Release|Any CPU = Release|Any CPU
	EndGlobalSection
	GlobalSection(ProjectConfigurationPlatforms) = postSolution
		{98759A11-6CCC-4523-94FD-891C7A5A3BBC}.Debug|Any CPU.ActiveCfg = Debug|Any CPU
		{98759A11-6CCC-4523-94FD-891C7A5A3BBC}.Debug|Any CPU.Build.0 = Debug|Any CPU
		{98759A11-6CCC-4523-94FD-891C7A5A3BBC}.Release|Any CPU.ActiveCfg = Release|Any CPU
		{98759A11-6CCC-4523-94FD-891C7A5A3BBC}.Release|Any CPU.Build.0 = Release|Any CPU
	EndGlobalSection
	GlobalSection(SolutionProperties) = preSolution
		HideSolutionNode = FALSE
	EndGlobalSection
	GlobalSection(ExtensibilityGlobals) = postSolution
		SolutionGuid = {0D187B02-9DF4-4C84-8BE7-841138A430C5}
	EndGlobalSection
EndGlobal
