
Microsoft Visual Studio Solution File, Format Version 12.00
# Visual Studio Version 16
VisualStudioVersion = 16.0.34931.43
MinimumVisualStudioVersion = 10.0.40219.1
Project("{FAE04EC0-301F-11D3-BF4B-00C04F79EFBC}") = "Code_Challenge_3", "practice\Code_Challenge_3.csproj", "{A55E8934-8FDF-4F94-961C-31C9E9B530B8}"
EndProject
Global
	GlobalSection(SolutionConfigurationPlatforms) = preSolution
		Debug|Any CPU = Debug|Any CPU
		Release|Any CPU = Release|Any CPU
	EndGlobalSection
	GlobalSection(ProjectConfigurationPlatforms) = postSolution
		{A55E8934-8FDF-4F94-961C-31C9E9B530B8}.Debug|Any CPU.ActiveCfg = Debug|Any CPU
		{A55E8934-8FDF-4F94-961C-31C9E9B530B8}.Debug|Any CPU.Build.0 = Debug|Any CPU
		{A55E8934-8FDF-4F94-961C-31C9E9B530B8}.Release|Any CPU.ActiveCfg = Release|Any CPU
		{A55E8934-8FDF-4F94-961C-31C9E9B530B8}.Release|Any CPU.Build.0 = Release|Any CPU
	EndGlobalSection
	GlobalSection(SolutionProperties) = preSolution
		HideSolutionNode = FALSE
	EndGlobalSection
	GlobalSection(ExtensibilityGlobals) = postSolution
		SolutionGuid = {8459CF00-E04E-41D7-84C8-F9A22A0F8F92}
	EndGlobalSection
EndGlobal
