
Microsoft Visual Studio Solution File, Format Version 12.00
# Visual Studio Version 16
VisualStudioVersion = 16.0.34931.43
MinimumVisualStudioVersion = 10.0.40219.1
Project("{FAE04EC0-301F-11D3-BF4B-00C04F79EFBC}") = "Testing", "Testing\Testing.csproj", "{2812FF03-F63B-4647-8DF0-59D64BF8323F}"
EndProject
Project("{FAE04EC0-301F-11D3-BF4B-00C04F79EFBC}") = "Tester", "Tester\Tester.csproj", "{827A6C4F-78AE-4C3B-991C-808B8C7CFC48}"
EndProject
Global
	GlobalSection(SolutionConfigurationPlatforms) = preSolution
		Debug|Any CPU = Debug|Any CPU
		Release|Any CPU = Release|Any CPU
	EndGlobalSection
	GlobalSection(ProjectConfigurationPlatforms) = postSolution
		{2812FF03-F63B-4647-8DF0-59D64BF8323F}.Debug|Any CPU.ActiveCfg = Debug|Any CPU
		{2812FF03-F63B-4647-8DF0-59D64BF8323F}.Debug|Any CPU.Build.0 = Debug|Any CPU
		{2812FF03-F63B-4647-8DF0-59D64BF8323F}.Release|Any CPU.ActiveCfg = Release|Any CPU
		{2812FF03-F63B-4647-8DF0-59D64BF8323F}.Release|Any CPU.Build.0 = Release|Any CPU
		{827A6C4F-78AE-4C3B-991C-808B8C7CFC48}.Debug|Any CPU.ActiveCfg = Debug|Any CPU
		{827A6C4F-78AE-4C3B-991C-808B8C7CFC48}.Debug|Any CPU.Build.0 = Debug|Any CPU
		{827A6C4F-78AE-4C3B-991C-808B8C7CFC48}.Release|Any CPU.ActiveCfg = Release|Any CPU
		{827A6C4F-78AE-4C3B-991C-808B8C7CFC48}.Release|Any CPU.Build.0 = Release|Any CPU
	EndGlobalSection
	GlobalSection(SolutionProperties) = preSolution
		HideSolutionNode = FALSE
	EndGlobalSection
	GlobalSection(ExtensibilityGlobals) = postSolution
		SolutionGuid = {5E654E1E-B963-46EE-AA23-260E7B1CCCB9}
	EndGlobalSection
EndGlobal
